
Microsoft Visual Studio Solution File, Format Version 12.00
Project("{FAE04EC0-301F-11D3-BF4B-00C04F79EFBC}") = "WetterApp", "WetterApp\WetterApp.csproj", "{B294371C-A003-4F11-AC86-C678F957E85A}"
EndProject
Global
	GlobalSection(SolutionConfigurationPlatforms) = preSolution
		Debug|Any CPU = Debug|Any CPU
		Release|Any CPU = Release|Any CPU
	EndGlobalSection
	GlobalSection(ProjectConfigurationPlatforms) = postSolution
		{B294371C-A003-4F11-AC86-C678F957E85A}.Debug|Any CPU.ActiveCfg = Debug|Any CPU
		{B294371C-A003-4F11-AC86-C678F957E85A}.Debug|Any CPU.Build.0 = Debug|Any CPU
		{B294371C-A003-4F11-AC86-C678F957E85A}.Release|Any CPU.ActiveCfg = Release|Any CPU
		{B294371C-A003-4F11-AC86-C678F957E85A}.Release|Any CPU.Build.0 = Release|Any CPU
	EndGlobalSection
EndGlobal
